
Microsoft Visual Studio Solution File, Format Version 12.00
# Visual Studio Version 17
VisualStudioVersion = 17.11.35327.3
MinimumVisualStudioVersion = 10.0.40219.1
Project("{FAE04EC0-301F-11D3-BF4B-00C04F79EFBC}") = "Frisan_Ionut_Lab1", "Frisan_Ionut_Lab1.csproj", "{64E85F58-DCE9-4314-B331-55901AE76FA0}"
EndProject
Global
	GlobalSection(SolutionConfigurationPlatforms) = preSolution
		Debug|Any CPU = Debug|Any CPU
		Release|Any CPU = Release|Any CPU
	EndGlobalSection
	GlobalSection(ProjectConfigurationPlatforms) = postSolution
		{64E85F58-DCE9-4314-B331-55901AE76FA0}.Debug|Any CPU.ActiveCfg = Debug|Any CPU
		{64E85F58-DCE9-4314-B331-55901AE76FA0}.Debug|Any CPU.Build.0 = Debug|Any CPU
		{64E85F58-DCE9-4314-B331-55901AE76FA0}.Release|Any CPU.ActiveCfg = Release|Any CPU
		{64E85F58-DCE9-4314-B331-55901AE76FA0}.Release|Any CPU.Build.0 = Release|Any CPU
	EndGlobalSection
	GlobalSection(SolutionProperties) = preSolution
		HideSolutionNode = FALSE
	EndGlobalSection
	GlobalSection(ExtensibilityGlobals) = postSolution
		SolutionGuid = {D9D8445F-A432-4CC0-988B-18B7FCE45E97}
	EndGlobalSection
EndGlobal
